// !$*UTF8*$!
{
	archiveVersion = 1;
	classes = {
	};
	objectVersion = 46;
	objects = {

/* Begin PBXBuildFile section */
		BD43AAED1E4EBD0F0000C39D /* AppDelegate.swift in Sources */ = {isa = PBXBuildFile; fileRef = BD43AAEC1E4EBD0F0000C39D /* AppDelegate.swift */; };
		BD43AAEF1E4EBD0F0000C39D /* PhotoLibraryController.swift in Sources */ = {isa = PBXBuildFile; fileRef = BD43AAEE1E4EBD0F0000C39D /* PhotoLibraryController.swift */; };
		BD43AAF21E4EBD0F0000C39D /* Main.storyboard in Resources */ = {isa = PBXBuildFile; fileRef = BD43AAF01E4EBD0F0000C39D /* Main.storyboard */; };
		BD43AAF41E4EBD0F0000C39D /* Assets.xcassets in Resources */ = {isa = PBXBuildFile; fileRef = BD43AAF31E4EBD0F0000C39D /* Assets.xcassets */; };
		BD43AAF71E4EBD0F0000C39D /* LaunchScreen.storyboard in Resources */ = {isa = PBXBuildFile; fileRef = BD43AAF51E4EBD0F0000C39D /* LaunchScreen.storyboard */; };
		BD94ACD81E4FB0B400AFCB99 /* AssetCollectionCell.swift in Sources */ = {isa = PBXBuildFile; fileRef = BD94ACD71E4FB0B400AFCB99 /* AssetCollectionCell.swift */; };
		BD94ACDA1E4FC66400AFCB99 /* SeeImageController.swift in Sources */ = {isa = PBXBuildFile; fileRef = BD94ACD91E4FC66400AFCB99 /* SeeImageController.swift */; };
/* End PBXBuildFile section */

/* Begin PBXFileReference section */
		BD43AAE91E4EBD0F0000C39D /* CustomPhotoLibarary.app */ = {isa = PBXFileReference; explicitFileType = wrapper.application; includeInIndex = 0; path = CustomPhotoLibarary.app; sourceTree = BUILT_PRODUCTS_DIR; };
		BD43AAEC1E4EBD0F0000C39D /* AppDelegate.swift */ = {isa = PBXFileReference; lastKnownFileType = sourcecode.swift; path = AppDelegate.swift; sourceTree = "<group>"; };
		BD43AAEE1E4EBD0F0000C39D /* PhotoLibraryController.swift */ = {isa = PBXFileReference; lastKnownFileType = sourcecode.swift; path = PhotoLibraryController.swift; sourceTree = "<group>"; };
		BD43AAF11E4EBD0F0000C39D /* Base */ = {isa = PBXFileReference; lastKnownFileType = file.storyboard; name = Base; path = Base.lproj/Main.storyboard; sourceTree = "<group>"; };
		BD43AAF31E4EBD0F0000C39D /* Assets.xcassets */ = {isa = PBXFileReference; lastKnownFileType = folder.assetcatalog; path = Assets.xcassets; sourceTree = "<group>"; };
		BD43AAF61E4EBD0F0000C39D /* Base */ = {isa = PBXFileReference; lastKnownFileType = file.storyboard; name = Base; path = Base.lproj/LaunchScreen.storyboard; sourceTree = "<group>"; };
		BD43AAF81E4EBD0F0000C39D /* Info.plist */ = {isa = PBXFileReference; lastKnownFileType = text.plist.xml; path = Info.plist; sourceTree = "<group>"; };
		BD94ACD71E4FB0B400AFCB99 /* AssetCollectionCell.swift */ = {isa = PBXFileReference; fileEncoding = 4; lastKnownFileType = sourcecode.swift; path = AssetCollectionCell.swift; sourceTree = "<group>"; };
		BD94ACD91E4FC66400AFCB99 /* SeeImageController.swift */ = {isa = PBXFileReference; fileEncoding = 4; lastKnownFileType = sourcecode.swift; path = SeeImageController.swift; sourceTree = "<group>"; };
/* End PBXFileReference section */

/* Begin PBXFrameworksBuildPhase section */
		BD43AAE61E4EBD0F0000C39D /* Frameworks */ = {
			isa = PBXFrameworksBuildPhase;
			buildActionMask = 2147483647;
			files = (
			);
			runOnlyForDeploymentPostprocessing = 0;
		};
/* End PBXFrameworksBuildPhase section */

/* Begin PBXGroup section */
		BD43AAE01E4EBD0E0000C39D = {
			isa = PBXGroup;
			children = (
				BD43AAEB1E4EBD0F0000C39D /* CustomPhotoLibarary */,
				BD43AAEA1E4EBD0F0000C39D /* Products */,
			);
			sourceTree = "<group>";
		};
		BD43AAEA1E4EBD0F0000C39D /* Products */ = {
			isa = PBXGroup;
			children = (
				BD43AAE91E4EBD0F0000C39D /* CustomPhotoLibarary.app */,
			);
			name = Products;
			sourceTree = "<group>";
		};
		BD43AAEB1E4EBD0F0000C39D /* CustomPhotoLibarary */ = {
			isa = PBXGroup;
			children = (
				BD43AAEC1E4EBD0F0000C39D /* AppDelegate.swift */,
				BD43AAEE1E4EBD0F0000C39D /* PhotoLibraryController.swift */,
				BD94ACD91E4FC66400AFCB99 /* SeeImageController.swift */,
				BD94ACD71E4FB0B400AFCB99 /* AssetCollectionCell.swift */,
				BD43AAF01E4EBD0F0000C39D /* Main.storyboard */,
				BD43AAF31E4EBD0F0000C39D /* Assets.xcassets */,
				BD43AAF51E4EBD0F0000C39D /* LaunchScreen.storyboard */,
				BD43AAF81E4EBD0F0000C39D /* Info.plist */,
			);
			path = CustomPhotoLibarary;
			sourceTree = "<group>";
		};
/* End PBXGroup section */

/* Begin PBXNativeTarget section */
		BD43AAE81E4EBD0F0000C39D /* CustomPhotoLibarary */ = {
			isa = PBXNativeTarget;
			buildConfigurationList = BD43AAFB1E4EBD0F0000C39D /* Build configuration list for PBXNativeTarget "CustomPhotoLibarary" */;
			buildPhases = (
				BD43AAE51E4EBD0F0000C39D /* Sources */,
				BD43AAE61E4EBD0F0000C39D /* Frameworks */,
				BD43AAE71E4EBD0F0000C39D /* Resources */,
			);
			buildRules = (
			);
			dependencies = (
			);
			name = CustomPhotoLibarary;
			productName = CustomPhotoLibarary;
			productReference = BD43AAE91E4EBD0F0000C39D /* CustomPhotoLibarary.app */;
			productType = "com.apple.product-type.application";
		};
/* End PBXNativeTarget section */

/* Begin PBXProject section */
		BD43AAE11E4EBD0E0000C39D /* Project object */ = {
			isa = PBXProject;
			attributes = {
				LastSwiftUpdateCheck = 0820;
				LastUpgradeCheck = 0820;
				ORGANIZATIONNAME = MakeSchool;
				TargetAttributes = {
					BD43AAE81E4EBD0F0000C39D = {
						CreatedOnToolsVersion = 8.2.1;
						DevelopmentTeam = PU7KSX8Z6J;
						ProvisioningStyle = Automatic;
					};
				};
			};
			buildConfigurationList = BD43AAE41E4EBD0E0000C39D /* Build configuration list for PBXProject "CustomPhotoLibarary" */;
			compatibilityVersion = "Xcode 3.2";
			developmentRegion = English;
			hasScannedForEncodings = 0;
			knownRegions = (
				en,
				Base,
			);
			mainGroup = BD43AAE01E4EBD0E0000C39D;
			productRefGroup = BD43AAEA1E4EBD0F0000C39D /* Products */;
			projectDirPath = "";
			projectRoot = "";
			targets = (
				BD43AAE81E4EBD0F0000C39D /* CustomPhotoLibarary */,
			);
		};
/* End PBXProject section */

/* Begin PBXResourcesBuildPhase section */
		BD43AAE71E4EBD0F0000C39D /* Resources */ = {
			isa = PBXResourcesBuildPhase;
			buildActionMask = 2147483647;
			files = (
				BD43AAF71E4EBD0F0000C39D /* LaunchScreen.storyboard in Resources */,
				BD43AAF41E4EBD0F0000C39D /* Assets.xcassets in Resources */,
				BD43AAF21E4EBD0F0000C39D /* Main.storyboard in Resources */,
			);
			runOnlyForDeploymentPostprocessing = 0;
		};
/* End PBXResourcesBuildPhase section */

/* Begin PBXSourcesBuildPhase section */
		BD43AAE51E4EBD0F0000C39D /* Sources */ = {
			isa = PBXSourcesBuildPhase;
			buildActionMask = 2147483647;
			files = (
				BD94ACDA1E4FC66400AFCB99 /* SeeImageController.swift in Sources */,
				BD43AAEF1E4EBD0F0000C39D /* PhotoLibraryController.swift in Sources */,
				BD43AAED1E4EBD0F0000C39D /* AppDelegate.swift in Sources */,
				BD94ACD81E4FB0B400AFCB99 /* AssetCollectionCell.swift in Sources */,
			);
			runOnlyForDeploymentPostprocessing = 0;
		};
/* End PBXSourcesBuildPhase section */

/* Begin PBXVariantGroup section */
		BD43AAF01E4EBD0F0000C39D /* Main.storyboard */ = {
			isa = PBXVariantGroup;
			children = (
				BD43AAF11E4EBD0F0000C39D /* Base */,
			);
			name = Main.storyboard;
			sourceTree = "<group>";
		};
		BD43AAF51E4EBD0F0000C39D /* LaunchScreen.storyboard */ = {
			isa = PBXVariantGroup;
			children = (
				BD43AAF61E4EBD0F0000C39D /* Base */,
			);
			name = LaunchScreen.storyboard;
			sourceTree = "<group>";
		};
/* End PBXVariantGroup section */

/* Begin XCBuildConfiguration section */
		BD43AAF91E4EBD0F0000C39D /* Debug */ = {
			isa = XCBuildConfiguration;
			buildSettings = {
				ALWAYS_SEARCH_USER_PATHS = NO;
				CLANG_ANALYZER_NONNULL = YES;
				CLANG_CXX_LANGUAGE_STANDARD = "gnu++0x";
				CLANG_CXX_LIBRARY = "libc++";
				CLANG_ENABLE_MODULES = YES;
				CLANG_ENABLE_OBJC_ARC = YES;
				CLANG_WARN_BOOL_CONVERSION = YES;
				CLANG_WARN_CONSTANT_CONVERSION = YES;
				CLANG_WARN_DIRECT_OBJC_ISA_USAGE = YES_ERROR;
				CLANG_WARN_DOCUMENTATION_COMMENTS = YES;
				CLANG_WARN_EMPTY_BODY = YES;
				CLANG_WARN_ENUM_CONVERSION = YES;
				CLANG_WARN_INFINITE_RECURSION = YES;
				CLANG_WARN_INT_CONVERSION = YES;
				CLANG_WARN_OBJC_ROOT_CLASS = YES_ERROR;
				CLANG_WARN_SUSPICIOUS_MOVE = YES;
				CLANG_WARN_UNREACHABLE_CODE = YES;
				CLANG_WARN__DUPLICATE_METHOD_MATCH = YES;
				"CODE_SIGN_IDENTITY[sdk=iphoneos*]" = "iPhone Developer";
				COPY_PHASE_STRIP = NO;
				DEBUG_INFORMATION_FORMAT = dwarf;
				ENABLE_STRICT_OBJC_MSGSEND = YES;
				ENABLE_TESTABILITY = YES;
				GCC_C_LANGUAGE_STANDARD = gnu99;
				GCC_DYNAMIC_NO_PIC = NO;
				GCC_NO_COMMON_BLOCKS = YES;
				GCC_OPTIMIZATION_LEVEL = 0;
				GCC_PREPROCESSOR_DEFINITIONS = (
					"DEBUG=1",
					"$(inherited)",
				);
				GCC_WARN_64_TO_32_BIT_CONVERSION = YES;
				GCC_WARN_ABOUT_RETURN_TYPE = YES_ERROR;
				GCC_WARN_UNDECLARED_SELECTOR = YES;
				GCC_WARN_UNINITIALIZED_AUTOS = YES_AGGRESSIVE;
				GCC_WARN_UNUSED_FUNCTION = YES;
				GCC_WARN_UNUSED_VARIABLE = YES;
				IPHONEOS_DEPLOYMENT_TARGET = 10.2;
				MTL_ENABLE_DEBUG_INFO = YES;
				ONLY_ACTIVE_ARCH = YES;
				SDKROOT = iphoneos;
				SWIFT_ACTIVE_COMPILATION_CONDITIONS = DEBUG;
				SWIFT_OPTIMIZATION_LEVEL = "-Onone";
			};
			name = Debug;
		};
		BD43AAFA1E4EBD0F0000C39D /* Release */ = {
			isa = XCBuildConfiguration;
			buildSettings = {
				ALWAYS_SEARCH_USER_PATHS = NO;
				CLANG_ANALYZER_NONNULL = YES;
				CLANG_CXX_LANGUAGE_STANDARD = "gnu++0x";
				CLANG_CXX_LIBRARY = "libc++";
				CLANG_ENABLE_MODULES = YES;
				CLANG_ENABLE_OBJC_ARC = YES;
				CLANG_WARN_BOOL_CONVERSION = YES;
				CLANG_WARN_CONSTANT_CONVERSION = YES;
				CLANG_WARN_DIRECT_OBJC_ISA_USAGE = YES_ERROR;
				CLANG_WARN_DOCUMENTATION_COMMENTS = YES;
				CLANG_WARN_EMPTY_BODY = YES;
				CLANG_WARN_ENUM_CONVERSION = YES;
				CLANG_WARN_INFINITE_RECURSION = YES;
				CLANG_WARN_INT_CONVERSION = YES;
				CLANG_WARN_OBJC_ROOT_CLASS = YES_ERROR;
				CLANG_WARN_SUSPICIOUS_MOVE = YES;
				CLANG_WARN_UNREACHABLE_CODE = YES;
				CLANG_WARN__DUPLICATE_METHOD_MATCH = YES;
				"CODE_SIGN_IDENTITY[sdk=iphoneos*]" = "iPhone Developer";
				COPY_PHASE_STRIP = NO;
				DEBUG_INFORMATION_FORMAT = "dwarf-with-dsym";
				ENABLE_NS_ASSERTIONS = NO;
				ENABLE_STRICT_OBJC_MSGSEND = YES;
				GCC_C_LANGUAGE_STANDARD = gnu99;
				GCC_NO_COMMON_BLOCKS = YES;
				GCC_WARN_64_TO_32_BIT_CONVERSION = YES;
				GCC_WARN_ABOUT_RETURN_TYPE = YES_ERROR;
				GCC_WARN_UNDECLARED_SELECTOR = YES;
				GCC_WARN_UNINITIALIZED_AUTOS = YES_AGGRESSIVE;
				GCC_WARN_UNUSED_FUNCTION = YES;
				GCC_WARN_UNUSED_VARIABLE = YES;
				IPHONEOS_DEPLOYMENT_TARGET = 10.2;
				MTL_ENABLE_DEBUG_INFO = NO;
				SDKROOT = iphoneos;
				SWIFT_OPTIMIZATION_LEVEL = "-Owholemodule";
				VALIDATE_PRODUCT = YES;
			};
			name = Release;
		};
		BD43AAFC1E4EBD0F0000C39D /* Debug */ = {
			isa = XCBuildConfiguration;
			buildSettings = {
				ASSETCATALOG_COMPILER_APPICON_NAME = AppIcon;
				DEVELOPMENT_TEAM = PU7KSX8Z6J;
				INFOPLIST_FILE = CustomPhotoLibarary/Info.plist;
				LD_RUNPATH_SEARCH_PATHS = "$(inherited) @executable_path/Frameworks";
				PRODUCT_BUNDLE_IDENTIFIER = com.Makeschool.CustomPhotoLibarary;
				PRODUCT_NAME = "$(TARGET_NAME)";
				SWIFT_VERSION = 3.0;
			};
			name = Debug;
		};
		BD43AAFD1E4EBD0F0000C39D /* Release */ = {
			isa = XCBuildConfiguration;
			buildSettings = {
				ASSETCATALOG_COMPILER_APPICON_NAME = AppIcon;
				DEVELOPMENT_TEAM = PU7KSX8Z6J;
				INFOPLIST_FILE = CustomPhotoLibarary/Info.plist;
				LD_RUNPATH_SEARCH_PATHS = "$(inherited) @executable_path/Frameworks";
				PRODUCT_BUNDLE_IDENTIFIER = com.Makeschool.CustomPhotoLibarary;
				PRODUCT_NAME = "$(TARGET_NAME)";
				SWIFT_VERSION = 3.0;
			};
			name = Release;
		};
/* End XCBuildConfiguration section */

/* Begin XCConfigurationList section */
		BD43AAE41E4EBD0E0000C39D /* Build configuration list for PBXProject "CustomPhotoLibarary" */ = {
			isa = XCConfigurationList;
			buildConfigurations = (
				BD43AAF91E4EBD0F0000C39D /* Debug */,
				BD43AAFA1E4EBD0F0000C39D /* Release */,
			);
			defaultConfigurationIsVisible = 0;
			defaultConfigurationName = Release;
		};
		BD43AAFB1E4EBD0F0000C39D /* Build configuration list for PBXNativeTarget "CustomPhotoLibarary" */ = {
			isa = XCConfigurationList;
			buildConfigurations = (
				BD43AAFC1E4EBD0F0000C39D /* Debug */,
				BD43AAFD1E4EBD0F0000C39D /* Release */,
			);
			defaultConfigurationIsVisible = 0;
			defaultConfigurationName = Release;
		};
/* End XCConfigurationList section */
	};
	rootObject = BD43AAE11E4EBD0E0000C39D /* Project object */;
}
